
Microsoft Visual Studio Solution File, Format Version 12.00
# Visual Studio Version 17
VisualStudioVersion = 17.0.31903.59
MinimumVisualStudioVersion = 10.0.40219.1
Project("{2150E333-8FDC-42A3-9474-1A3956D46DE8}") = "src", "src", "{827E0CD3-B72D-47B6-A68D-7590B98EB39B}"
EndProject
Project("{FAE04EC0-301F-11D3-BF4B-00C04F79EFBC}") = "VMManager.Core", "src\VMManager.Core\VMManager.Core.csproj", "{5011E218-5BE8-4850-B868-736F0C69E40A}"
EndProject
Project("{FAE04EC0-301F-11D3-BF4B-00C04F79EFBC}") = "VMManager.Models", "src\VMManager.Models\VMManager.Models.csproj", "{5CC66948-B9FB-44D1-A5C5-E31E6A910135}"
EndProject
Project("{FAE04EC0-301F-11D3-BF4B-00C04F79EFBC}") = "VMManager.Services", "src\VMManager.Services\VMManager.Services.csproj", "{EC2FB230-7F2C-4C7C-8238-DAE9EA9C22EF}"
EndProject
Project("{FAE04EC0-301F-11D3-BF4B-00C04F79EFBC}") = "VMManager.UI", "src\VMManager.UI\VMManager.UI.csproj", "{0708CFA9-88B1-4A96-B24C-6194858E9948}"
EndProject
Project("{FAE04EC0-301F-11D3-BF4B-00C04F79EFBC}") = "VMManager.ViewModels", "src\VMManager.ViewModels\VMManager.ViewModels.csproj", "{BAA18747-992D-463E-9FFC-768C2BAAFAD6}"
EndProject
Project("{FAE04EC0-301F-11D3-BF4B-00C04F79EFBC}") = "VMManager.Application", "src\VMManager.Application\VMManager.Application.csproj", "{D58DE396-B392-458B-9874-A85A95544829}"
EndProject
Project("{FAE04EC0-301F-11D3-BF4B-00C04F79EFBC}") = "VMManager.Common", "src\VMManager.Common\VMManager.Common.csproj", "{8C0942BC-C447-48D2-97D4-86B97A9CEFBB}"
EndProject
Project("{FAE04EC0-301F-11D3-BF4B-00C04F79EFBC}") = "VMManager.Infrastructure", "src\VMManager.Infrastructure\VMManager.Infrastructure.csproj", "{9644172E-C00F-4306-801F-0B77B9598677}"
EndProject
Project("{FAE04EC0-301F-11D3-BF4B-00C04F79EFBC}") = "VMManager.Tests.Application", "src\VMManager.Tests.Application\VMManager.Tests.Application.csproj", "{083B199F-D5DB-4642-9831-AD80D40E339C}"
EndProject
Project("{FAE04EC0-301F-11D3-BF4B-00C04F79EFBC}") = "VMManager.Tests.Core", "src\VMManager.Tests.Core\VMManager.Tests.Core.csproj", "{BA60E172-B46F-4B11-BA30-E64A2EFF825C}"
EndProject
Project("{FAE04EC0-301F-11D3-BF4B-00C04F79EFBC}") = "VMManager.Tests.Infrastructure", "src\VMManager.Tests.Infrastructure\VMManager.Tests.Infrastructure.csproj", "{E98CDA04-6BAB-4844-8E7E-973D267EDC53}"
EndProject
Project("{FAE04EC0-301F-11D3-BF4B-00C04F79EFBC}") = "VMManager.Tests.UI", "src\VMManager.Tests.UI\VMManager.Tests.UI.csproj", "{5D12A7D3-B17A-4D9C-9A18-C1A2F1D91765}"
EndProject
Global
	GlobalSection(SolutionConfigurationPlatforms) = preSolution
		Debug|Any CPU = Debug|Any CPU
		Debug|x64 = Debug|x64
		Debug|x86 = Debug|x86
		Release|Any CPU = Release|Any CPU
		Release|x64 = Release|x64
		Release|x86 = Release|x86
	EndGlobalSection
	GlobalSection(ProjectConfigurationPlatforms) = postSolution
		{5011E218-5BE8-4850-B868-736F0C69E40A}.Debug|Any CPU.ActiveCfg = Debug|Any CPU
		{5011E218-5BE8-4850-B868-736F0C69E40A}.Debug|Any CPU.Build.0 = Debug|Any CPU
		{5011E218-5BE8-4850-B868-736F0C69E40A}.Debug|x64.ActiveCfg = Debug|Any CPU
		{5011E218-5BE8-4850-B868-736F0C69E40A}.Debug|x64.Build.0 = Debug|Any CPU
		{5011E218-5BE8-4850-B868-736F0C69E40A}.Debug|x86.ActiveCfg = Debug|Any CPU
		{5011E218-5BE8-4850-B868-736F0C69E40A}.Debug|x86.Build.0 = Debug|Any CPU
		{5011E218-5BE8-4850-B868-736F0C69E40A}.Release|Any CPU.ActiveCfg = Release|Any CPU
		{5011E218-5BE8-4850-B868-736F0C69E40A}.Release|Any CPU.Build.0 = Release|Any CPU
		{5011E218-5BE8-4850-B868-736F0C69E40A}.Release|x64.ActiveCfg = Release|Any CPU
		{5011E218-5BE8-4850-B868-736F0C69E40A}.Release|x64.Build.0 = Release|Any CPU
		{5011E218-5BE8-4850-B868-736F0C69E40A}.Release|x86.ActiveCfg = Release|Any CPU
		{5011E218-5BE8-4850-B868-736F0C69E40A}.Release|x86.Build.0 = Release|Any CPU
		{5CC66948-B9FB-44D1-A5C5-E31E6A910135}.Debug|Any CPU.ActiveCfg = Debug|Any CPU
		{5CC66948-B9FB-44D1-A5C5-E31E6A910135}.Debug|Any CPU.Build.0 = Debug|Any CPU
		{5CC66948-B9FB-44D1-A5C5-E31E6A910135}.Debug|x64.ActiveCfg = Debug|Any CPU
		{5CC66948-B9FB-44D1-A5C5-E31E6A910135}.Debug|x64.Build.0 = Debug|Any CPU
		{5CC66948-B9FB-44D1-A5C5-E31E6A910135}.Debug|x86.ActiveCfg = Debug|Any CPU
		{5CC66948-B9FB-44D1-A5C5-E31E6A910135}.Debug|x86.Build.0 = Debug|Any CPU
		{5CC66948-B9FB-44D1-A5C5-E31E6A910135}.Release|Any CPU.ActiveCfg = Release|Any CPU
		{5CC66948-B9FB-44D1-A5C5-E31E6A910135}.Release|Any CPU.Build.0 = Release|Any CPU
		{5CC66948-B9FB-44D1-A5C5-E31E6A910135}.Release|x64.ActiveCfg = Release|Any CPU
		{5CC66948-B9FB-44D1-A5C5-E31E6A910135}.Release|x64.Build.0 = Release|Any CPU
		{5CC66948-B9FB-44D1-A5C5-E31E6A910135}.Release|x86.ActiveCfg = Release|Any CPU
		{5CC66948-B9FB-44D1-A5C5-E31E6A910135}.Release|x86.Build.0 = Release|Any CPU
		{EC2FB230-7F2C-4C7C-8238-DAE9EA9C22EF}.Debug|Any CPU.ActiveCfg = Debug|Any CPU
		{EC2FB230-7F2C-4C7C-8238-DAE9EA9C22EF}.Debug|Any CPU.Build.0 = Debug|Any CPU
		{EC2FB230-7F2C-4C7C-8238-DAE9EA9C22EF}.Debug|x64.ActiveCfg = Debug|Any CPU
		{EC2FB230-7F2C-4C7C-8238-DAE9EA9C22EF}.Debug|x64.Build.0 = Debug|Any CPU
		{EC2FB230-7F2C-4C7C-8238-DAE9EA9C22EF}.Debug|x86.ActiveCfg = Debug|Any CPU
		{EC2FB230-7F2C-4C7C-8238-DAE9EA9C22EF}.Debug|x86.Build.0 = Debug|Any CPU
		{EC2FB230-7F2C-4C7C-8238-DAE9EA9C22EF}.Release|Any CPU.ActiveCfg = Release|Any CPU
		{EC2FB230-7F2C-4C7C-8238-DAE9EA9C22EF}.Release|Any CPU.Build.0 = Release|Any CPU
		{EC2FB230-7F2C-4C7C-8238-DAE9EA9C22EF}.Release|x64.ActiveCfg = Release|Any CPU
		{EC2FB230-7F2C-4C7C-8238-DAE9EA9C22EF}.Release|x64.Build.0 = Release|Any CPU
		{EC2FB230-7F2C-4C7C-8238-DAE9EA9C22EF}.Release|x86.ActiveCfg = Release|Any CPU
		{EC2FB230-7F2C-4C7C-8238-DAE9EA9C22EF}.Release|x86.Build.0 = Release|Any CPU
		{0708CFA9-88B1-4A96-B24C-6194858E9948}.Debug|Any CPU.ActiveCfg = Debug|Any CPU
		{0708CFA9-88B1-4A96-B24C-6194858E9948}.Debug|Any CPU.Build.0 = Debug|Any CPU
		{0708CFA9-88B1-4A96-B24C-6194858E9948}.Debug|x64.ActiveCfg = Debug|Any CPU
		{0708CFA9-88B1-4A96-B24C-6194858E9948}.Debug|x64.Build.0 = Debug|Any CPU
		{0708CFA9-88B1-4A96-B24C-6194858E9948}.Debug|x86.ActiveCfg = Debug|Any CPU
		{0708CFA9-88B1-4A96-B24C-6194858E9948}.Debug|x86.Build.0 = Debug|Any CPU
		{0708CFA9-88B1-4A96-B24C-6194858E9948}.Release|Any CPU.ActiveCfg = Release|Any CPU
		{0708CFA9-88B1-4A96-B24C-6194858E9948}.Release|Any CPU.Build.0 = Release|Any CPU
		{0708CFA9-88B1-4A96-B24C-6194858E9948}.Release|x64.ActiveCfg = Release|Any CPU
		{0708CFA9-88B1-4A96-B24C-6194858E9948}.Release|x64.Build.0 = Release|Any CPU
		{0708CFA9-88B1-4A96-B24C-6194858E9948}.Release|x86.ActiveCfg = Release|Any CPU
		{0708CFA9-88B1-4A96-B24C-6194858E9948}.Release|x86.Build.0 = Release|Any CPU
		{BAA18747-992D-463E-9FFC-768C2BAAFAD6}.Debug|Any CPU.ActiveCfg = Debug|Any CPU
		{BAA18747-992D-463E-9FFC-768C2BAAFAD6}.Debug|Any CPU.Build.0 = Debug|Any CPU
		{BAA18747-992D-463E-9FFC-768C2BAAFAD6}.Debug|x64.ActiveCfg = Debug|Any CPU
		{BAA18747-992D-463E-9FFC-768C2BAAFAD6}.Debug|x64.Build.0 = Debug|Any CPU
		{BAA18747-992D-463E-9FFC-768C2BAAFAD6}.Debug|x86.ActiveCfg = Debug|Any CPU
		{BAA18747-992D-463E-9FFC-768C2BAAFAD6}.Debug|x86.Build.0 = Debug|Any CPU
		{BAA18747-992D-463E-9FFC-768C2BAAFAD6}.Release|Any CPU.ActiveCfg = Release|Any CPU
		{BAA18747-992D-463E-9FFC-768C2BAAFAD6}.Release|Any CPU.Build.0 = Release|Any CPU
		{BAA18747-992D-463E-9FFC-768C2BAAFAD6}.Release|x64.ActiveCfg = Release|Any CPU
		{BAA18747-992D-463E-9FFC-768C2BAAFAD6}.Release|x64.Build.0 = Release|Any CPU
		{BAA18747-992D-463E-9FFC-768C2BAAFAD6}.Release|x86.ActiveCfg = Release|Any CPU
		{BAA18747-992D-463E-9FFC-768C2BAAFAD6}.Release|x86.Build.0 = Release|Any CPU
		{D58DE396-B392-458B-9874-A85A95544829}.Debug|Any CPU.ActiveCfg = Debug|Any CPU
		{D58DE396-B392-458B-9874-A85A95544829}.Debug|Any CPU.Build.0 = Debug|Any CPU
		{D58DE396-B392-458B-9874-A85A95544829}.Debug|x64.ActiveCfg = Debug|Any CPU
		{D58DE396-B392-458B-9874-A85A95544829}.Debug|x64.Build.0 = Debug|Any CPU
		{D58DE396-B392-458B-9874-A85A95544829}.Debug|x86.ActiveCfg = Debug|Any CPU
		{D58DE396-B392-458B-9874-A85A95544829}.Debug|x86.Build.0 = Debug|Any CPU
		{D58DE396-B392-458B-9874-A85A95544829}.Release|Any CPU.ActiveCfg = Release|Any CPU
		{D58DE396-B392-458B-9874-A85A95544829}.Release|Any CPU.Build.0 = Release|Any CPU
		{D58DE396-B392-458B-9874-A85A95544829}.Release|x64.ActiveCfg = Release|Any CPU
		{D58DE396-B392-458B-9874-A85A95544829}.Release|x64.Build.0 = Release|Any CPU
		{D58DE396-B392-458B-9874-A85A95544829}.Release|x86.ActiveCfg = Release|Any CPU
		{D58DE396-B392-458B-9874-A85A95544829}.Release|x86.Build.0 = Release|Any CPU
		{8C0942BC-C447-48D2-97D4-86B97A9CEFBB}.Debug|Any CPU.ActiveCfg = Debug|Any CPU
		{8C0942BC-C447-48D2-97D4-86B97A9CEFBB}.Debug|Any CPU.Build.0 = Debug|Any CPU
		{8C0942BC-C447-48D2-97D4-86B97A9CEFBB}.Debug|x64.ActiveCfg = Debug|Any CPU
		{8C0942BC-C447-48D2-97D4-86B97A9CEFBB}.Debug|x64.Build.0 = Debug|Any CPU
		{8C0942BC-C447-48D2-97D4-86B97A9CEFBB}.Debug|x86.ActiveCfg = Debug|Any CPU
		{8C0942BC-C447-48D2-97D4-86B97A9CEFBB}.Debug|x86.Build.0 = Debug|Any CPU
		{8C0942BC-C447-48D2-97D4-86B97A9CEFBB}.Release|Any CPU.ActiveCfg = Release|Any CPU
		{8C0942BC-C447-48D2-97D4-86B97A9CEFBB}.Release|Any CPU.Build.0 = Release|Any CPU
		{8C0942BC-C447-48D2-97D4-86B97A9CEFBB}.Release|x64.ActiveCfg = Release|Any CPU
		{8C0942BC-C447-48D2-97D4-86B97A9CEFBB}.Release|x64.Build.0 = Release|Any CPU
		{8C0942BC-C447-48D2-97D4-86B97A9CEFBB}.Release|x86.ActiveCfg = Release|Any CPU
		{8C0942BC-C447-48D2-97D4-86B97A9CEFBB}.Release|x86.Build.0 = Release|Any CPU
		{9644172E-C00F-4306-801F-0B77B9598677}.Debug|Any CPU.ActiveCfg = Debug|Any CPU
		{9644172E-C00F-4306-801F-0B77B9598677}.Debug|Any CPU.Build.0 = Debug|Any CPU
		{9644172E-C00F-4306-801F-0B77B9598677}.Debug|x64.ActiveCfg = Debug|Any CPU
		{9644172E-C00F-4306-801F-0B77B9598677}.Debug|x64.Build.0 = Debug|Any CPU
		{9644172E-C00F-4306-801F-0B77B9598677}.Debug|x86.ActiveCfg = Debug|Any CPU
		{9644172E-C00F-4306-801F-0B77B9598677}.Debug|x86.Build.0 = Debug|Any CPU
		{9644172E-C00F-4306-801F-0B77B9598677}.Release|Any CPU.ActiveCfg = Release|Any CPU
		{9644172E-C00F-4306-801F-0B77B9598677}.Release|Any CPU.Build.0 = Release|Any CPU
		{9644172E-C00F-4306-801F-0B77B9598677}.Release|x64.ActiveCfg = Release|Any CPU
		{9644172E-C00F-4306-801F-0B77B9598677}.Release|x64.Build.0 = Release|Any CPU
		{9644172E-C00F-4306-801F-0B77B9598677}.Release|x86.ActiveCfg = Release|Any CPU
		{9644172E-C00F-4306-801F-0B77B9598677}.Release|x86.Build.0 = Release|Any CPU
		{083B199F-D5DB-4642-9831-AD80D40E339C}.Debug|Any CPU.ActiveCfg = Debug|Any CPU
		{083B199F-D5DB-4642-9831-AD80D40E339C}.Debug|Any CPU.Build.0 = Debug|Any CPU
		{083B199F-D5DB-4642-9831-AD80D40E339C}.Debug|x64.ActiveCfg = Debug|Any CPU
		{083B199F-D5DB-4642-9831-AD80D40E339C}.Debug|x64.Build.0 = Debug|Any CPU
		{083B199F-D5DB-4642-9831-AD80D40E339C}.Debug|x86.ActiveCfg = Debug|Any CPU
		{083B199F-D5DB-4642-9831-AD80D40E339C}.Debug|x86.Build.0 = Debug|Any CPU
		{083B199F-D5DB-4642-9831-AD80D40E339C}.Release|Any CPU.ActiveCfg = Release|Any CPU
		{083B199F-D5DB-4642-9831-AD80D40E339C}.Release|Any CPU.Build.0 = Release|Any CPU
		{083B199F-D5DB-4642-9831-AD80D40E339C}.Release|x64.ActiveCfg = Release|Any CPU
		{083B199F-D5DB-4642-9831-AD80D40E339C}.Release|x64.Build.0 = Release|Any CPU
		{083B199F-D5DB-4642-9831-AD80D40E339C}.Release|x86.ActiveCfg = Release|Any CPU
		{083B199F-D5DB-4642-9831-AD80D40E339C}.Release|x86.Build.0 = Release|Any CPU
		{BA60E172-B46F-4B11-BA30-E64A2EFF825C}.Debug|Any CPU.ActiveCfg = Debug|Any CPU
		{BA60E172-B46F-4B11-BA30-E64A2EFF825C}.Debug|Any CPU.Build.0 = Debug|Any CPU
		{BA60E172-B46F-4B11-BA30-E64A2EFF825C}.Debug|x64.ActiveCfg = Debug|Any CPU
		{BA60E172-B46F-4B11-BA30-E64A2EFF825C}.Debug|x64.Build.0 = Debug|Any CPU
		{BA60E172-B46F-4B11-BA30-E64A2EFF825C}.Debug|x86.ActiveCfg = Debug|Any CPU
		{BA60E172-B46F-4B11-BA30-E64A2EFF825C}.Debug|x86.Build.0 = Debug|Any CPU
		{BA60E172-B46F-4B11-BA30-E64A2EFF825C}.Release|Any CPU.ActiveCfg = Release|Any CPU
		{BA60E172-B46F-4B11-BA30-E64A2EFF825C}.Release|Any CPU.Build.0 = Release|Any CPU
		{BA60E172-B46F-4B11-BA30-E64A2EFF825C}.Release|x64.ActiveCfg = Release|Any CPU
		{BA60E172-B46F-4B11-BA30-E64A2EFF825C}.Release|x64.Build.0 = Release|Any CPU
		{BA60E172-B46F-4B11-BA30-E64A2EFF825C}.Release|x86.ActiveCfg = Release|Any CPU
		{BA60E172-B46F-4B11-BA30-E64A2EFF825C}.Release|x86.Build.0 = Release|Any CPU
		{E98CDA04-6BAB-4844-8E7E-973D267EDC53}.Debug|Any CPU.ActiveCfg = Debug|Any CPU
		{E98CDA04-6BAB-4844-8E7E-973D267EDC53}.Debug|Any CPU.Build.0 = Debug|Any CPU
		{E98CDA04-6BAB-4844-8E7E-973D267EDC53}.Debug|x64.ActiveCfg = Debug|Any CPU
		{E98CDA04-6BAB-4844-8E7E-973D267EDC53}.Debug|x64.Build.0 = Debug|Any CPU
		{E98CDA04-6BAB-4844-8E7E-973D267EDC53}.Debug|x86.ActiveCfg = Debug|Any CPU
		{E98CDA04-6BAB-4844-8E7E-973D267EDC53}.Debug|x86.Build.0 = Debug|Any CPU
		{E98CDA04-6BAB-4844-8E7E-973D267EDC53}.Release|Any CPU.ActiveCfg = Release|Any CPU
		{E98CDA04-6BAB-4844-8E7E-973D267EDC53}.Release|Any CPU.Build.0 = Release|Any CPU
		{E98CDA04-6BAB-4844-8E7E-973D267EDC53}.Release|x64.ActiveCfg = Release|Any CPU
		{E98CDA04-6BAB-4844-8E7E-973D267EDC53}.Release|x64.Build.0 = Release|Any CPU
		{E98CDA04-6BAB-4844-8E7E-973D267EDC53}.Release|x86.ActiveCfg = Release|Any CPU
		{E98CDA04-6BAB-4844-8E7E-973D267EDC53}.Release|x86.Build.0 = Release|Any CPU
		{5D12A7D3-B17A-4D9C-9A18-C1A2F1D91765}.Debug|Any CPU.ActiveCfg = Debug|Any CPU
		{5D12A7D3-B17A-4D9C-9A18-C1A2F1D91765}.Debug|Any CPU.Build.0 = Debug|Any CPU
		{5D12A7D3-B17A-4D9C-9A18-C1A2F1D91765}.Debug|x64.ActiveCfg = Debug|Any CPU
		{5D12A7D3-B17A-4D9C-9A18-C1A2F1D91765}.Debug|x64.Build.0 = Debug|Any CPU
		{5D12A7D3-B17A-4D9C-9A18-C1A2F1D91765}.Debug|x86.ActiveCfg = Debug|Any CPU
		{5D12A7D3-B17A-4D9C-9A18-C1A2F1D91765}.Debug|x86.Build.0 = Debug|Any CPU
		{5D12A7D3-B17A-4D9C-9A18-C1A2F1D91765}.Release|Any CPU.ActiveCfg = Release|Any CPU
		{5D12A7D3-B17A-4D9C-9A18-C1A2F1D91765}.Release|Any CPU.Build.0 = Release|Any CPU
		{5D12A7D3-B17A-4D9C-9A18-C1A2F1D91765}.Release|x64.ActiveCfg = Release|Any CPU
		{5D12A7D3-B17A-4D9C-9A18-C1A2F1D91765}.Release|x64.Build.0 = Release|Any CPU
		{5D12A7D3-B17A-4D9C-9A18-C1A2F1D91765}.Release|x86.ActiveCfg = Release|Any CPU
		{5D12A7D3-B17A-4D9C-9A18-C1A2F1D91765}.Release|x86.Build.0 = Release|Any CPU
	EndGlobalSection
	GlobalSection(SolutionProperties) = preSolution
		HideSolutionNode = FALSE
	EndGlobalSection
	GlobalSection(NestedProjects) = preSolution
		{5011E218-5BE8-4850-B868-736F0C69E40A} = {827E0CD3-B72D-47B6-A68D-7590B98EB39B}
		{5CC66948-B9FB-44D1-A5C5-E31E6A910135} = {827E0CD3-B72D-47B6-A68D-7590B98EB39B}
		{EC2FB230-7F2C-4C7C-8238-DAE9EA9C22EF} = {827E0CD3-B72D-47B6-A68D-7590B98EB39B}
		{0708CFA9-88B1-4A96-B24C-6194858E9948} = {827E0CD3-B72D-47B6-A68D-7590B98EB39B}
		{BAA18747-992D-463E-9FFC-768C2BAAFAD6} = {827E0CD3-B72D-47B6-A68D-7590B98EB39B}
		{D58DE396-B392-458B-9874-A85A95544829} = {827E0CD3-B72D-47B6-A68D-7590B98EB39B}
		{8C0942BC-C447-48D2-97D4-86B97A9CEFBB} = {827E0CD3-B72D-47B6-A68D-7590B98EB39B}
		{9644172E-C00F-4306-801F-0B77B9598677} = {827E0CD3-B72D-47B6-A68D-7590B98EB39B}
		{083B199F-D5DB-4642-9831-AD80D40E339C} = {827E0CD3-B72D-47B6-A68D-7590B98EB39B}
		{BA60E172-B46F-4B11-BA30-E64A2EFF825C} = {827E0CD3-B72D-47B6-A68D-7590B98EB39B}
		{E98CDA04-6BAB-4844-8E7E-973D267EDC53} = {827E0CD3-B72D-47B6-A68D-7590B98EB39B}
		{5D12A7D3-B17A-4D9C-9A18-C1A2F1D91765} = {827E0CD3-B72D-47B6-A68D-7590B98EB39B}
	EndGlobalSection
	GlobalSection(ExtensibilityGlobals) = postSolution
		SolutionGuid = {120F46CB-B227-4F02-A66F-0587C8BDCD41}
	EndGlobalSection
EndGlobal
